version = 1
revision = 3
requires-python = ">=3.11"

[[package]]
name = "greenlet"
version = "3.5.2"
source = { registry = "https://pypi.org/simple" }
sdist = { url = "https://files.pythonhosted.org/packages/dd/8b/befc3cb36965f397d87e86fb3b00e3ec0dc67c1ecb0986d7f54ee528f018/greenlet-3.5.2.tar.gz", hash = "sha256:c1b906220d83c140361cdd12eef970fb5881a168b98ee58a43786426173da14c", size = 199243, upload-time = "2026-06-17T20:19:01.317Z" }
wheels = [
    { url = "https://files.pythonhosted.org/packages/21/68/371ee6dad168be3386c46030bedaa8e3e7e3cf3d203621d4529e78ff36ef/greenlet-3.5.2-cp311-cp311-macosx_11_0_universal2.whl", hash = "sha256:d7792398872f89466c6671d5d193537eff163ecf7fac78d82e6ddc25017fb4f5", size = 286925, upload-time = "2026-06-17T17:33:17.928Z" },
    { url = "https://files.pythonhosted.org/packages/26/16/ed5706c26b4d26f3fabceb79abca992654eac8b0fa435def2ac6dbd92122/greenlet-3.5.2-cp311-cp311-manylinux_2_24_aarch64.manylinux_2_28_aarch64.whl", hash = "sha256:711028c953cd6ce5dc01bbb5a1747e3ad6bd8b2f7ded73778bb936e8dab9e3b6", size = 606036, upload-time = "2026-06-17T18:07:18.538Z" },
    { url = "https://files.pythonhosted.org/packages/8e/32/f9c77093af9f5f96615922b7e3fe3690a9faff02adb89f1d74e21578b147/greenlet-3.5.2-cp311-cp311-manylinux_2_24_ppc64le.manylinux_2_28_ppc64le.whl", hash = "sha256:5eba55076d79e8a5176e6925295cfb901ebc95dae493342ede22230f75d8bee2", size = 617821, upload-time = "2026-06-17T18:29:41.317Z" },
    { url = "https://files.pythonhosted.org/packages/bd/d4/642833e778c17d32b5cabb793e14ce7364c55952462fc506fecdee55d485/greenlet-3.5.2-cp311-cp311-manylinux_2_24_x86_64.manylinux_2_28_x86_64.whl", hash = "sha256:c1c1e5ad80f1f38ea479b83b39dccb20874cfe9ad5e52f87225fa294ba4d39a1", size = 616877, upload-time = "2026-06-17T17:39:26.564Z" },
    { url = "https://files.pythonhosted.org/packages/d3/cc/7120f83e78b8be3cf7acbe2306b3b7bd2cbf99f5ad12e85e2f05d7b31961/greenlet-3.5.2-cp311-cp311-musllinux_1_2_aarch64.whl", hash = "sha256:9e194b996aa1b89d933cfe136e5eb39b22a8b72ba59d376ef39a55bca4dbf47f", size = 1577274, upload-time = "2026-06-17T18:22:10.692Z" },
    { url = "https://files.pythonhosted.org/packages/fa/d8/05a0074ee485dd51c320fd706fd7ed48006b9cad3443092d7df1a655f0d2/greenlet-3.5.2-cp311-cp311-musllinux_1_2_x86_64.whl", hash = "sha256:4e554809538bd4867f24421b43abde170f9c9b8192149b30df5e164bcac6124f", size = 1643566, upload-time = "2026-06-17T17:40:05.452Z" },
    { url = "https://files.pythonhosted.org/packages/35/fe/9fe2060bdeece682e38d381184ae66045b48ed183c107ab3f88b9886a630/greenlet-3.5.2-cp311-cp311-win_amd64.whl", hash = "sha256:e063263ce9047878480d7e536012fc8b7c8e1922989eb5f03b9ab998a2ee7b7e", size = 238643, upload-time = "2026-06-17T17:37:03.039Z" },
    { url = "https://files.pythonhosted.org/packages/41/13/a9db72f5b6b700977ebd371d6a1f2984a08838357de924fcd5571607b1bf/greenlet-3.5.2-cp311-cp311-win_arm64.whl", hash = "sha256:a3f76a94e2d6e1fee8f302265679d8cc47d71a203936dd03c6e2ace0f9cfd46d", size = 237135, upload-time = "2026-06-17T17:34:34.14Z" },
    { url = "https://files.pythonhosted.org/packages/3f/7a/6bc2a7835731387ed303b9390ce68a116ab053df05450a59181239200454/greenlet-3.5.2-cp312-cp312-macosx_11_0_universal2.whl", hash = "sha256:76dae33e97b52743a19210931ee3e78a88fe1438bc2fc4ee5e7512d289bfad4f", size = 288351, upload-time = "2026-06-17T17:36:17.019Z" },
    { url = "https://files.pythonhosted.org/packages/57/1b/bd98062fcef6d0e9d0873ab6f2d029772e6ea342972ae43275bd6177900f/greenlet-3.5.2-cp312-cp312-manylinux_2_24_aarch64.manylinux_2_28_aarch64.whl", hash = "sha256:30252d191d6959df1d040b559a38fc017139606c5ecc2ad00416557c0355d742", size = 604273, upload-time = "2026-06-17T18:07:20.296Z" },
    { url = "https://files.pythonhosted.org/packages/25/e6/fe392c522bf45d976abe7db2793f6ef4e87b053ebb869deeaae46aeb54da/greenlet-3.5.2-cp312-cp312-manylinux_2_24_ppc64le.manylinux_2_28_ppc64le.whl", hash = "sha256:1adc23c50f22b0f5979521909a8360ab4a3d3bef8b641ce633a04cf1b1c967ea", size = 616536, upload-time = "2026-06-17T18:29:43.205Z" },
    { url = "https://files.pythonhosted.org/packages/68/4a/399ff81fa93a19d6a9df394cef0355f082dbc19ad41aba9593cd0ad444e2/greenlet-3.5.2-cp312-cp312-manylinux_2_24_x86_64.manylinux_2_28_x86_64.whl", hash = "sha256:1f052fff492c52fdfa99bd3b3c1389a53de37dae76a0562741417f0d018f02b3", size = 613749, upload-time = "2026-06-17T17:39:28.148Z" },
    { url = "https://files.pythonhosted.org/packages/a5/75/f519593f12ad43d08e28c03a95cfe2eeae011707dbc9dab0c4a263ce90f9/greenlet-3.5.2-cp312-cp312-musllinux_1_2_aarch64.whl", hash = "sha256:120b77c2a18ebf629c3a7886f68c6d01e065654844ad468f15bb93ace66f2094", size = 1573725, upload-time = "2026-06-17T18:22:12.023Z" },
    { url = "https://files.pythonhosted.org/packages/f1/bc/bc1ea4b0754c6c51bbf9d94677b0b1f7fbda8cbb404e44a896854fc0a940/greenlet-3.5.2-cp312-cp312-musllinux_1_2_x86_64.whl", hash = "sha256:a850f6224088ef7dcc70f1a545cb6b3d119c35d6dca63b925b9f35da0635cdad", size = 1638132, upload-time = "2026-06-17T17:40:06.971Z" },
    { url = "https://files.pythonhosted.org/packages/36/c0/f0f5a34247df60de285f75f22e57f14027f4b3c43820981854b5b643ca6d/greenlet-3.5.2-cp312-cp312-win_amd64.whl", hash = "sha256:89da99ee8345b458ea2f16831dad31c88ddcdec454b48704d569a0b8fb28f146", size = 239393, upload-time = "2026-06-17T17:33:47.09Z" },
    { url = "https://files.pythonhosted.org/packages/09/17/a8544e165445f30aea67a8d9cf2786d2bb0eb1b0e0d224b4d9bd80e2d587/greenlet-3.5.2-cp312-cp312-win_arm64.whl", hash = "sha256:ca92411942154023c65851e6077d8ca0d00f19de5fa80bb2c6f196ff6c920ba9", size = 237723, upload-time = "2026-06-17T17:36:47.776Z" },
    { url = "https://files.pythonhosted.org/packages/d0/3c/bb37b9d40d65b0741a8b040ca5c307034d0a9822994dff5f825c88dd7a6b/greenlet-3.5.2-cp313-cp313-macosx_11_0_universal2.whl", hash = "sha256:0629377725977252159de1ebd3c6e49c170a63856e585446797bb3d66d4d9c34", size = 287178, upload-time = "2026-06-17T17:35:25.132Z" },
    { url = "https://files.pythonhosted.org/packages/f0/a6/0c5902393f492f8ceb19d0b5cf139284e3a11b333a049739643b1036b6f8/greenlet-3.5.2-cp313-cp313-manylinux_2_24_aarch64.manylinux_2_28_aarch64.whl", hash = "sha256:a2ddf9eddc617681108dd071b3feabf3f4a4cd64846254aec4d4ceda098b639a", size = 606900, upload-time = "2026-06-17T18:07:21.692Z" },
    { url = "https://files.pythonhosted.org/packages/d8/7c/42899c31d4b87148ae4e3f87f63e13398824be6241f4dde42ded95768a34/greenlet-3.5.2-cp313-cp313-manylinux_2_24_ppc64le.manylinux_2_28_ppc64le.whl", hash = "sha256:f41feb9f2b59e2e61ac9bea4e344ddd9396bf3cacb2583f73a3595ed7df6f8e7", size = 619265, upload-time = "2026-06-17T18:29:44.837Z" },
    { url = "https://files.pythonhosted.org/packages/d3/52/4ff8c98d3cfe62b4515f8584ae14510a58f35c549cc5292b78d9b7a40b70/greenlet-3.5.2-cp313-cp313-manylinux_2_24_x86_64.manylinux_2_28_x86_64.whl", hash = "sha256:09201fa698768db245920b00fdc86ee3e73540f01ca6db162be9632642e1a473", size = 616187, upload-time = "2026-06-17T17:39:29.473Z" },
    { url = "https://files.pythonhosted.org/packages/c9/a6/269c8bf9aefc13361ce1088f0e392b154cb21005de7862e42b5d782b81fd/greenlet-3.5.2-cp313-cp313-musllinux_1_2_aarch64.whl", hash = "sha256:a1759fa4f14c398508cf20dc8037de55cc23ae8bd14c185c2718257837195ca5", size = 1573778, upload-time = "2026-06-17T18:22:13.497Z" },
    { url = "https://files.pythonhosted.org/packages/1f/9b/391d015cbc6323e81b14c02cf825fdca7e0049c9bb489bf4ac72883118ba/greenlet-3.5.2-cp313-cp313-musllinux_1_2_x86_64.whl", hash = "sha256:b9318cdeb9abdbfdd8bc8464ee4a06dffde2c7846e1def138365a6240ab2c9a5", size = 1638092, upload-time = "2026-06-17T17:40:08.163Z" },
    { url = "https://files.pythonhosted.org/packages/49/53/5b4df711f4356c62e85d9f819d87966d526d1cfb32bae49a8f7d6fc36ea4/greenlet-3.5.2-cp313-cp313-win_amd64.whl", hash = "sha256:2c3b3311af72b3d3b03cc0f1ffd11f072e834be5d0444105cf715fc44434e39c", size = 239352, upload-time = "2026-06-17T17:38:51.593Z" },
    { url = "https://files.pythonhosted.org/packages/bb/b6/18efc3a329ec035c3f344b8f2b60356451950ddf9b7b64ff00023778a1dd/greenlet-3.5.2-cp313-cp313-win_arm64.whl", hash = "sha256:f9bbd6216c45a563c2a61e478e038b439d9f248bde44f775ea37d339da643af4", size = 237635, upload-time = "2026-06-17T17:35:36.632Z" },
    { url = "https://files.pythonhosted.org/packages/c7/89/aaafc8e14de4ac882e02ccb963225329b0e8578aba4365e71eb678e45722/greenlet-3.5.2-cp314-cp314-macosx_11_0_universal2.whl", hash = "sha256:1c31219badba285858ba8ed117f403dea7fafee6bade9a1991875aae530c3ceb", size = 287676, upload-time = "2026-06-17T17:33:31.514Z" },
    { url = "https://files.pythonhosted.org/packages/b8/fc/2308249206c12ac70de7b9a00970f84f07d10b3cd60e05d2fbcaa84124e8/greenlet-3.5.2-cp314-cp314-manylinux_2_24_aarch64.manylinux_2_28_aarch64.whl", hash = "sha256:6f96ed6f4adc1066954ae95f45717657cb67468ef3b89e9a3632e14a625a8f39", size = 653552, upload-time = "2026-06-17T18:07:23.493Z" },
    { url = "https://files.pythonhosted.org/packages/7c/24/47730d1f8f1336b9b089237521ed7a26eee997065dcb4cab81cdca333abc/greenlet-3.5.2-cp314-cp314-manylinux_2_24_ppc64le.manylinux_2_28_ppc64le.whl", hash = "sha256:5795e883e915333c0d5648faaa691857fbc7180136883edc377f50f0d509c2a8", size = 665756, upload-time = "2026-06-17T18:29:46.616Z" },
    { url = "https://files.pythonhosted.org/packages/99/69/d6c99db15dc0b5e892ac3cc7b942c8b21f4a9cc3bd9ea0bc3b0f339ffbd4/greenlet-3.5.2-cp314-cp314-manylinux_2_24_x86_64.manylinux_2_28_x86_64.whl", hash = "sha256:26aed8d9503ca78889141a9739d71b383efea5f472a7c522b5410f7eb2a1b163", size = 663228, upload-time = "2026-06-17T17:39:31.073Z" },
    { url = "https://files.pythonhosted.org/packages/4f/88/9e603f448e2bc107c883e95817b980fb9b45ba6aea0299b2e9978124bea2/greenlet-3.5.2-cp314-cp314-musllinux_1_2_aarch64.whl", hash = "sha256:dbebc038fcdda8f8f21cce985fd04e34e0f42007e7fc7ab7ad285caf77974b95", size = 1620723, upload-time = "2026-06-17T18:22:14.817Z" },
    { url = "https://files.pythonhosted.org/packages/11/91/26da17e3777858c16fdb8d020a4c68f3a03cb92f238de8f5351d5d5186e9/greenlet-3.5.2-cp314-cp314-musllinux_1_2_x86_64.whl", hash = "sha256:a207023f1cf8695fd82580b8099c09c5809be18bc2282362cdfb965dd884a317", size = 1684227, upload-time = "2026-06-17T17:40:09.536Z" },
    { url = "https://files.pythonhosted.org/packages/2d/44/b3a11f7aa34cb38f1b7f3df8bcd9fcd09bac9d342c2a2c9b8686c804bcd2/greenlet-3.5.2-cp314-cp314-win_amd64.whl", hash = "sha256:c674a1dd4fe41f6a93febe7ab366ceabf15080ea31a9307811c56dac5f435f73", size = 240257, upload-time = "2026-06-17T17:35:23.359Z" },
    { url = "https://files.pythonhosted.org/packages/de/e3/3b62145fe917311732041a258adb218248add00542e3131c48bd047fbed5/greenlet-3.5.2-cp314-cp314-win_arm64.whl", hash = "sha256:3c417cd6c593bbbef6f7aa31a79f37d3db7d18832fc56b694a2150130bde784e", size = 239038, upload-time = "2026-06-17T17:37:56.792Z" },
    { url = "https://files.pythonhosted.org/packages/47/ac/d3bad483e9f6cd1848604fdffa32cac25846dd6dfcec0e6f81c790185518/greenlet-3.5.2-cp314-cp314t-macosx_11_0_universal2.whl", hash = "sha256:a96457a30384de52d9c5d2fd33abf6c1daae3db392cd556738f408b1a79a1cf0", size = 295668, upload-time = "2026-06-17T17:36:02.293Z" },
    { url = "https://files.pythonhosted.org/packages/00/e9/3a7e557b895fd0469b00cd0b2bd498ba950e8bfdf6d7adeecf2c5e4130a6/greenlet-3.5.2-cp314-cp314t-manylinux_2_24_aarch64.manylinux_2_28_aarch64.whl", hash = "sha256:e4af5d4961818ab651d09c1448a03b1ba2a1726a076266ebb62330bab9f3238c", size = 652820, upload-time = "2026-06-17T18:07:24.95Z" },
    { url = "https://files.pythonhosted.org/packages/78/67/6225d5c5e4afc04be0fd161eec82e4b72017e8a100d222f25d7b42b0140d/greenlet-3.5.2-cp314-cp314t-manylinux_2_24_ppc64le.manylinux_2_28_ppc64le.whl", hash = "sha256:a1789a6244ea1ba61fd4386c9a6a31873e9b0234762103364be98ef87dcb19f3", size = 658697, upload-time = "2026-06-17T18:29:48.365Z" },
    { url = "https://files.pythonhosted.org/packages/fa/99/6324b8ef916dcaddccb340b304c992ca3f947614ce0f2685d438187300b8/greenlet-3.5.2-cp314-cp314t-manylinux_2_24_x86_64.manylinux_2_28_x86_64.whl", hash = "sha256:3be00501fb4a8c37f6b4b3c4773808ceb26ea65c7ea64fd5735d0f330b3786de", size = 656436, upload-time = "2026-06-17T17:39:32.509Z" },
    { url = "https://files.pythonhosted.org/packages/a9/ee/f5bf9daac27c5e1b011965f64b5630a32b415daf7381b312943629e12c2a/greenlet-3.5.2-cp314-cp314t-musllinux_1_2_aarch64.whl", hash = "sha256:1d554cd96841a68d464d75a3736f8e87408a7b02b1930a75fa32feb408ad62f8", size = 1617193, upload-time = "2026-06-17T18:22:16.252Z" },
    { url = "https://files.pythonhosted.org/packages/8a/21/b05d5b12715bda92ce27c118d64971d21e9b8f3563ed959a7d271e2d4223/greenlet-3.5.2-cp314-cp314t-musllinux_1_2_x86_64.whl", hash = "sha256:3dff6cd3aac35f6cd3fc23460105acf576f5faf6c378de0bc088bf37c913864a", size = 1677512, upload-time = "2026-06-17T17:40:10.771Z" },
    { url = "https://files.pythonhosted.org/packages/b8/97/1b8f1314b868041b327dc1051603e8142b826480cb0ecb8a7b7632aee9c4/greenlet-3.5.2-cp314-cp314t-win_amd64.whl", hash = "sha256:36cfea2aa075d544617176b2e84450480f0797070ad8799a8c41ada2fe449d32", size = 243145, upload-time = "2026-06-17T17:34:37.502Z" },
    { url = "https://files.pythonhosted.org/packages/36/07/1b5311775e04c718a118c504d7a3a312430e2a1bd1347226aff4774e4549/greenlet-3.5.2-cp315-cp315-macosx_11_0_universal2.whl", hash = "sha256:a0314aa832c94633355dc6f3ee54f195159533355a323f26926fc63b98b2ccbb", size = 288315, upload-time = "2026-06-17T17:34:34.04Z" },
    { url = "https://files.pythonhosted.org/packages/ed/cc/6abcd2a486b58b9f77b7a93b690d59cb2c11a5906ed2ad4c63c7b9c1113d/greenlet-3.5.2-cp315-cp315-manylinux_2_24_aarch64.manylinux_2_28_aarch64.whl", hash = "sha256:24c59cb7db9d5c694cb8fd0c76eef8e456b2123afdfa7e4b8f2a67a0860d7682", size = 659130, upload-time = "2026-06-17T18:07:26.354Z" },
    { url = "https://files.pythonhosted.org/packages/f2/12/f4aaad6d3d383233f700ab322568a4f29f2c701a4861d85f4811d99689b2/greenlet-3.5.2-cp315-cp315-manylinux_2_24_ppc64le.manylinux_2_28_ppc64le.whl", hash = "sha256:7bb811753703739ad318112f16eccfaabdac050037b6d092debaa8b23566b4ce", size = 669724, upload-time = "2026-06-17T18:29:50.13Z" },
    { url = "https://files.pythonhosted.org/packages/91/2a/a089811fc31c6bf8742f40a4e73470d6d401cef18e4314eb20dc399b377c/greenlet-3.5.2-cp315-cp315-manylinux_2_24_x86_64.manylinux_2_28_x86_64.whl", hash = "sha256:6d78b5c1c178dad90447f1b8452262709d3eef4c98f825569e74c9d0b2260ac9", size = 668089, upload-time = "2026-06-17T17:39:33.808Z" },
    { url = "https://files.pythonhosted.org/packages/0f/1c/2f47c7d5fcfa98a62b705bf9a0505d86f4563c0d81cab1f7159ff1e743b7/greenlet-3.5.2-cp315-cp315-musllinux_1_2_aarch64.whl", hash = "sha256:0977af2df83136f81c1f76e76d4e2fe7d0dc56ea9c101a86af26a95190b9ca32", size = 1625684, upload-time = "2026-06-17T18:22:17.664Z" },
    { url = "https://files.pythonhosted.org/packages/b9/bf/661dd24624f70b7b32972d7693d0344ecde10278f647d7b828baf739899c/greenlet-3.5.2-cp315-cp315-musllinux_1_2_x86_64.whl", hash = "sha256:f9ed777c6891d8253e54468576f55e27f8fc1a662a664f946a191003574c0a74", size = 1688043, upload-time = "2026-06-17T17:40:12.403Z" },
    { url = "https://files.pythonhosted.org/packages/60/49/d9bde1d15a21296b3b521fe083eb8aabd54ac05d15de9832918f3d639543/greenlet-3.5.2-cp315-cp315-win_amd64.whl", hash = "sha256:c0ea4eb3de23f0bac1d75205e10ccfa9b418b17b01a2d7bf19e3b69dda08900a", size = 240531, upload-time = "2026-06-17T17:35:47.448Z" },
    { url = "https://files.pythonhosted.org/packages/7f/4d/86d7768bd53e9907de0333df215c2018cd01a593b3715cbd79aa82dd94b7/greenlet-3.5.2-cp315-cp315-win_arm64.whl", hash = "sha256:7a7bfc200be40d04961d7e80e8337d726c0c1a50777e588123c3ed8ba731dcb9", size = 239579, upload-time = "2026-06-17T17:39:39.954Z" },
    { url = "https://files.pythonhosted.org/packages/92/15/907be5e8900901039bae752fa9a31c03a3c1e064833f35a4e49449184581/greenlet-3.5.2-cp315-cp315t-macosx_11_0_universal2.whl", hash = "sha256:98a52d6a50d4deaba304331d83ee3e10ebbdc1517fcca40b2715d1de4534065c", size = 296697, upload-time = "2026-06-17T17:37:15.887Z" },
    { url = "https://files.pythonhosted.org/packages/95/5c/08c57be575c3d6a3c023bbf22144a1c7dc6ed4d134527bb36ded4dbf04a8/greenlet-3.5.2-cp315-cp315t-manylinux_2_24_aarch64.manylinux_2_28_aarch64.whl", hash = "sha256:1587ff8b58fdf806993ed1490a06ac19c22d47b219c68b30954380029045d8d4", size = 656710, upload-time = "2026-06-17T18:07:28.046Z" },
    { url = "https://files.pythonhosted.org/packages/8c/d0/749f917bdc9fc90fceea4aa65fbf6556e617a50714d1496bdc8ad190bb36/greenlet-3.5.2-cp315-cp315t-manylinux_2_24_ppc64le.manylinux_2_28_ppc64le.whl", hash = "sha256:feb721811d2754bfd16b48de151dd6b1f222c048e625151f2ca44cfdfd69f59c", size = 662629, upload-time = "2026-06-17T18:29:51.728Z" },
    { url = "https://files.pythonhosted.org/packages/5a/a5/68cefae3a07f6d0093a490cf28ab604f14578f3e60205a2a2b2d5cd70af2/greenlet-3.5.2-cp315-cp315t-manylinux_2_24_x86_64.manylinux_2_28_x86_64.whl", hash = "sha256:7fe6062b1f35534e1e8fb28dfed406cf4eeff3e0bca3a0d9f8ff69f20a4abb00", size = 660147, upload-time = "2026-06-17T17:39:35.068Z" },
    { url = "https://files.pythonhosted.org/packages/d2/6b/b9156d8397e4750220f54c7c5c34650f1e740a8d2f66eab9cfd1b7b53b69/greenlet-3.5.2-cp315-cp315t-musllinux_1_2_aarch64.whl", hash = "sha256:b4ac902af825cbac8e9b2fccab8122236fd2ba6c8b71a080116d2c2ec72671b1", size = 1621675, upload-time = "2026-06-17T18:22:18.873Z" },
    { url = "https://files.pythonhosted.org/packages/b0/e3/d3250f4fa01c211a93d04e34fded63187e648dbec17b9b1a14d388040593/greenlet-3.5.2-cp315-cp315t-musllinux_1_2_x86_64.whl", hash = "sha256:6f1e473c06ae8be00c9034c2bb10fa277b08a93287e3111c395b839f01d27e1f", size = 1680577, upload-time = "2026-06-17T17:40:14.055Z" },
    { url = "https://files.pythonhosted.org/packages/55/ba/eaee8bda4419770d7096b5a009ebff0ab20a2a28cdd83c4b591bfdf36fa9/greenlet-3.5.2-cp315-cp315t-win_amd64.whl", hash = "sha256:3c2315045f9983e2e50d7e89d95405c21bddb8745f2da4487bc080ab3525f904", size = 243482, upload-time = "2026-06-17T17:37:34.741Z" },
    { url = "https://files.pythonhosted.org/packages/37/45/f794a81c91e9942c61f9110bd1f9a38a0ea565eab57f8b08cd53d3131e48/greenlet-3.5.2-cp315-cp315t-win_arm64.whl", hash = "sha256:db548d5ab6c2a8ead82c013f875090d79b5d7d2b67fc513934ce6cf66492ad7f", size = 242062, upload-time = "2026-06-17T17:35:39.814Z" },
]

[[package]]
name = "neware-sql"
version = "0.1.0"
source = { editable = "." }
dependencies = [
    { name = "polars" },
    { name = "pymysql" },
    { name = "sqlalchemy" },
]

[package.metadata]
requires-dist = [
    { name = "polars" },
    { name = "pymysql", specifier = ">=1.2.0" },
    { name = "sqlalchemy" },
]

[[package]]
name = "polars"
version = "1.42.0"
source = { registry = "https://pypi.org/simple" }
dependencies = [
    { name = "polars-runtime-32" },
]
sdist = { url = "https://files.pythonhosted.org/packages/cb/91/a1d7809a6d399f0aa78d4d3a4f4daf411cb97ccfe7f236c08a01be5fc8a5/polars-1.42.0.tar.gz", hash = "sha256:283ddc923e47857924fbef36580d2e98d984a47c962bae4cbce9c0ebcc98989c", size = 740984, upload-time = "2026-06-24T05:20:13.727Z" }
wheels = [
    { url = "https://files.pythonhosted.org/packages/08/4d/094819d251f2248999cb722125fd4e44ee79b753fe535338cbf442fbf45d/polars-1.42.0-py3-none-any.whl", hash = "sha256:ab10cac3f2d28a6e22e22bcac69c0e51fb33cd25aee1f45105782d4fe55a3e6a", size = 836855, upload-time = "2026-06-24T05:18:18.204Z" },
]

[[package]]
name = "polars-runtime-32"
version = "1.42.0"
source = { registry = "https://pypi.org/simple" }
sdist = { url = "https://files.pythonhosted.org/packages/05/67/20759e9abbc61910cf948f5c28986ab25ef9e8009099b469d64d6a34a478/polars_runtime_32-1.42.0.tar.gz", hash = "sha256:c927e1930881fe0bf9629d12e5d44ebd4ecef2bfa02374dfc79feaa24054394f", size = 3042711, upload-time = "2026-06-24T05:20:15.715Z" }
wheels = [
    { url = "https://files.pythonhosted.org/packages/1c/62/8b83fca67d478e4a2b88cbba2fbff4d533052938ff96d598b7915fd9d235/polars_runtime_32-1.42.0-cp310-abi3-macosx_10_12_x86_64.whl", hash = "sha256:d235a5e8349797c16b70ad573fb9ddbd7f162796884bcbd25260908f8408affc", size = 53112358, upload-time = "2026-06-24T05:18:22.275Z" },
    { url = "https://files.pythonhosted.org/packages/cf/72/06d3d78b7e8e8d3c72ea9eee310950334d50986462b3c1d40f82972495a5/polars_runtime_32-1.42.0-cp310-abi3-macosx_11_0_arm64.whl", hash = "sha256:e7923db3bcb57e0edecde3be28629e0411414a15ef1a4c10c783ac5eadab2e1e", size = 47443757, upload-time = "2026-06-24T05:18:26.326Z" },
    { url = "https://files.pythonhosted.org/packages/5a/77/20241aaf919a0f63b946fb702bc14447db290ef918e2c2943ed90d50fcc1/polars_runtime_32-1.42.0-cp310-abi3-manylinux_2_17_aarch64.manylinux2014_aarch64.whl", hash = "sha256:42e27e2eb5909abcedb4ab4cc04ee67c5ec2b73a5640ebd8739b1b719383fa68", size = 51360855, upload-time = "2026-06-24T05:18:30.709Z" },
    { url = "https://files.pythonhosted.org/packages/46/5c/ca14606a42628b04d82ac6ae5742ed24048bd43fbf48ae87fc4f4b9e759d/polars_runtime_32-1.42.0-cp310-abi3-manylinux_2_17_x86_64.manylinux2014_x86_64.whl", hash = "sha256:1a3c43d4a76360bf912f8772b5ac1c23d5a8efef71408c63bba1bb0b4897a8ea", size = 57299346, upload-time = "2026-06-24T05:18:35.374Z" },
    { url = "https://files.pythonhosted.org/packages/9c/af/3ad0de43bbb97e91d605d7d76acb30be36269b8a8402890ab4f9892b6e26/polars_runtime_32-1.42.0-cp310-abi3-musllinux_1_2_aarch64.whl", hash = "sha256:542a77b2b969e5157939bfb76cd0f372c4f42db6ccd58636fcefe0011162a418", size = 51512143, upload-time = "2026-06-24T05:18:39.771Z" },
    { url = "https://files.pythonhosted.org/packages/b2/a5/d1133ba9d005532a6fb94544f5da09e497a8fe42c04e37c3da6faa80bd67/polars_runtime_32-1.42.0-cp310-abi3-musllinux_1_2_x86_64.whl", hash = "sha256:a13949abfce319de7fc4c1abee43bc9d4a4ed4d96bcc1a6037d022e4e9561d9f", size = 55214521, upload-time = "2026-06-24T05:18:43.916Z" },
    { url = "https://files.pythonhosted.org/packages/bd/54/0b8355ab29669560608b2864a5e54674dd78bbd48c04976607516e081107/polars_runtime_32-1.42.0-cp310-abi3-win_amd64.whl", hash = "sha256:91a07bd852c1d1ea19b3e27c974bc7b1b29ac948fdb2e785da3a6ec0f0683cad", size = 52718509, upload-time = "2026-06-24T05:18:48.202Z" },
    { url = "https://files.pythonhosted.org/packages/bf/b9/7c46fdbd1dbbaaf77f9512d7665609d7e4c4d8c8849edb9a16c471041075/polars_runtime_32-1.42.0-cp310-abi3-win_arm64.whl", hash = "sha256:b7c5d7721b7bb2563d72785050ac099da1e2000d412f9c72a0cfb7b07779e75d", size = 46728464, upload-time = "2026-06-24T05:18:52.505Z" },
]

[[package]]
name = "pymysql"
version = "1.2.0"
source = { registry = "https://pypi.org/simple" }
sdist = { url = "https://files.pythonhosted.org/packages/c9/bc/1c6a92f385940f727daeecf3bacaf186e03875dff57197801046c583bcf0/pymysql-1.2.0.tar.gz", hash = "sha256:6c7b17ca686988104d7426c27895b455cdeea3e9d3ceb1270f0c3704fead8c33", size = 49021, upload-time = "2026-05-19T08:26:22.302Z" }
wheels = [
    { url = "https://files.pythonhosted.org/packages/c4/bd/2534e130295c8cfd4f0a2e31623baab7502278f1e97bcfe61db75656a77f/pymysql-1.2.0-py3-none-any.whl", hash = "sha256:62169ce6d5510f08e140c5e7990ee884a9764024e4a9a27b2cc11f1099322ae0", size = 45716, upload-time = "2026-05-19T08:26:20.974Z" },
]

[[package]]
name = "sqlalchemy"
version = "2.0.51"
source = { registry = "https://pypi.org/simple" }
dependencies = [
    { name = "greenlet", marker = "platform_machine == 'AMD64' or platform_machine == 'WIN32' or platform_machine == 'aarch64' or platform_machine == 'amd64' or platform_machine == 'ppc64le' or platform_machine == 'win32' or platform_machine == 'x86_64'" },
    { name = "typing-extensions" },
]
sdist = { url = "https://files.pythonhosted.org/packages/02/f1/a7a892f18d4d224e6b26f706531eafccc41e37594d37d304786969ee13cb/sqlalchemy-2.0.51.tar.gz", hash = "sha256:804dccd8a4a6242c4e30ad961e540e18a588f6527202f2d6791b01845d59fdc9", size = 9912201, upload-time = "2026-06-15T15:41:20.012Z" }
wheels = [
    { url = "https://files.pythonhosted.org/packages/3a/69/a67c69e5f28fc9c99d6f7bd60bd50e91f2fed2423e3b30fb228fa00e51f3/sqlalchemy-2.0.51-cp311-cp311-macosx_11_0_arm64.whl", hash = "sha256:1aa10c0daee6705294d181daadaa793221e1a59ed55000a3fab1d42b088ce4ba", size = 2161838, upload-time = "2026-06-15T16:05:17.144Z" },
    { url = "https://files.pythonhosted.org/packages/9a/a4/c8c22b8438bddc0a030157c6ec0f6ef97b3c38effa444bdab2a27af04090/sqlalchemy-2.0.51-cp311-cp311-manylinux2014_aarch64.manylinux_2_17_aarch64.manylinux_2_28_aarch64.whl", hash = "sha256:a5b2ed6d828f1f09bd812861f4f59ca3bc3803f9df871f4555187f0faf018604", size = 3319402, upload-time = "2026-06-15T16:10:40.002Z" },
    { url = "https://files.pythonhosted.org/packages/90/54/44012d32fd77d991256d2ff793ba3807c51d40cb27a85b4796224f6744df/sqlalchemy-2.0.51-cp311-cp311-manylinux2014_x86_64.manylinux_2_17_x86_64.manylinux_2_28_x86_64.whl", hash = "sha256:436728ce18a80f6951a1e11cc6112c2ede9faf20766f1a26195a7c441ca12dbd", size = 3319675, upload-time = "2026-06-15T16:12:25.658Z" },
    { url = "https://files.pythonhosted.org/packages/29/a5/de0592acaf5906cd7430874392d6f7e8b4a7c8437610953ee2d1501c0b44/sqlalchemy-2.0.51-cp311-cp311-musllinux_1_2_aarch64.whl", hash = "sha256:dc261707bf5739aea8a541593f3cc1d463c2701fb05fbcbba0ce031b69a21260", size = 3270777, upload-time = "2026-06-15T16:10:42.125Z" },
    { url = "https://files.pythonhosted.org/packages/cb/14/a44c90739c780b362238e4ac3cb19dd0ca40d13e6ddc5daa112166ddab4f/sqlalchemy-2.0.51-cp311-cp311-musllinux_1_2_x86_64.whl", hash = "sha256:a6d26094615306d116dd5e4a51b0304c99dd2356fc569eed6922a80a6bd3b265", size = 3293940, upload-time = "2026-06-15T16:12:27.156Z" },
    { url = "https://files.pythonhosted.org/packages/65/eb/fbd0f206a330e66f8c602a99c37c4e731f107faed62954b41b01f16dd9d9/sqlalchemy-2.0.51-cp311-cp311-win32.whl", hash = "sha256:ca8435d13829b92f4a97362d91975154a4015db3a2634154e1754e9a915e6b86", size = 2121183, upload-time = "2026-06-15T16:13:29.905Z" },
    { url = "https://files.pythonhosted.org/packages/ad/fd/005bf80f3cf6e5c62b5dd68616280f51cd012c60840fa74781b3ed7b1623/sqlalchemy-2.0.51-cp311-cp311-win_amd64.whl", hash = "sha256:4a011ea4510683319ce4ed274b56ee05194b39b6da9d09ca7a39388f0fa84dcc", size = 2145796, upload-time = "2026-06-15T16:13:31.283Z" },
    { url = "https://files.pythonhosted.org/packages/d5/70/e868bc5412acd101a8280f25c95f10eeae0771c4eb806b02491142810ee8/sqlalchemy-2.0.51-cp312-cp312-macosx_11_0_arm64.whl", hash = "sha256:7d78702b26ba1c18b2d0fb2ea940ba7f17a9581b42e8361ff93920ebbee1235a", size = 2160291, upload-time = "2026-06-15T16:08:48.918Z" },
    { url = "https://files.pythonhosted.org/packages/e5/1c/71ee0f8a6b9d7316a1ccd30430b4c62b6c2e36adc96017a4e3a72dce49d6/sqlalchemy-2.0.51-cp312-cp312-manylinux2014_aarch64.manylinux_2_17_aarch64.manylinux_2_28_aarch64.whl", hash = "sha256:581921d849d6e6f994d560389192955e80e2950e18fcdfe2ccea863e01158e6e", size = 3343835, upload-time = "2026-06-15T16:19:42.613Z" },
    { url = "https://files.pythonhosted.org/packages/2b/7c/7ab9f9aadc5944fdd06612484ed7918fe376ad871a5f50404dc1536e0194/sqlalchemy-2.0.51-cp312-cp312-manylinux2014_x86_64.manylinux_2_17_x86_64.manylinux_2_28_x86_64.whl", hash = "sha256:1d21ce524ab86c23046e992a5b81cb54c21079c6df6e78b8fc77d77cac70a6b9", size = 3358470, upload-time = "2026-06-15T16:26:38.011Z" },
    { url = "https://files.pythonhosted.org/packages/d0/7d/ff77169fee6186de145a7f2b87006c39638391130abbab2b1f63ac6ea583/sqlalchemy-2.0.51-cp312-cp312-musllinux_1_2_aarch64.whl", hash = "sha256:c5d98a2709840027f5a347c3af0a7c3d5f6c1ff93af2ca1c54494e23cba8f389", size = 3289874, upload-time = "2026-06-15T16:19:45.212Z" },
    { url = "https://files.pythonhosted.org/packages/6f/3b/6c505903710d781b55bc3141ee34a062bf9745a6b5bc7333305b9ed63b33/sqlalchemy-2.0.51-cp312-cp312-musllinux_1_2_x86_64.whl", hash = "sha256:1181256e0f16479691b5616d36375dc2620ad8332b25978763c3d206ad3f3f1d", size = 3321692, upload-time = "2026-06-15T16:26:39.747Z" },
    { url = "https://files.pythonhosted.org/packages/3c/b7/c5ffe50aa2f4d947c9250e1519d939260329a07fe6272edfccd784b3d007/sqlalchemy-2.0.51-cp312-cp312-win32.whl", hash = "sha256:9f380393be5abeb6815f68fd39271b95127173511b6706b0a630a9995d53f8f5", size = 2119674, upload-time = "2026-06-15T16:23:09.543Z" },
    { url = "https://files.pythonhosted.org/packages/25/dc/46a65916af68a06ef6b972c6050ba4c8f97070fe3fb33097d34229d9bef6/sqlalchemy-2.0.51-cp312-cp312-win_amd64.whl", hash = "sha256:2cf39aabdf48e87c1c2c2ed6d20d33ffa0733b3071ce9c5f66357947dd009080", size = 2146670, upload-time = "2026-06-15T16:23:11.048Z" },
    { url = "https://files.pythonhosted.org/packages/54/fe/a210d52fd1a90ecfae8a78e9d8b27e18d733d60818a8bf250ff690b75120/sqlalchemy-2.0.51-cp313-cp313-macosx_11_0_arm64.whl", hash = "sha256:7c2056838b6685b72fdb36c99996cf862753461a62f2e84f4196371d3b2d6a07", size = 2157184, upload-time = "2026-06-15T16:08:50.374Z" },
    { url = "https://files.pythonhosted.org/packages/17/6b/2dce8369b199cb855110e056032f94a9f66dacc2237d3d39c115a86eac56/sqlalchemy-2.0.51-cp313-cp313-manylinux2014_aarch64.manylinux_2_17_aarch64.manylinux_2_28_aarch64.whl", hash = "sha256:483b11bd46bf35fc14c52faf338b04300c9e6ce554bce9b11be85bfec3bc3195", size = 3284735, upload-time = "2026-06-15T16:19:46.934Z" },
    { url = "https://files.pythonhosted.org/packages/53/ff/dbc495b8a14da840faffb353857a72d4190113cac33727906fb997047f0f/sqlalchemy-2.0.51-cp313-cp313-manylinux2014_x86_64.manylinux_2_17_x86_64.manylinux_2_28_x86_64.whl", hash = "sha256:1bed1ee8b01da6088210aa9412023326fb98a599ba502e6118308601dcbef77f", size = 3302756, upload-time = "2026-06-15T16:26:41.336Z" },
    { url = "https://files.pythonhosted.org/packages/cf/d5/fde8f4dddcf518ee15ab35a7c6a28acc32c8ba548d1d2aa451f96e6dbb0b/sqlalchemy-2.0.51-cp313-cp313-musllinux_1_2_aarch64.whl", hash = "sha256:72ca54c952107ba5cd58854b67a5a6268631289d21651a1235396f3b98b47400", size = 3232055, upload-time = "2026-06-15T16:19:49.286Z" },
    { url = "https://files.pythonhosted.org/packages/67/d1/43d3a0ac955a58601c24fa23038b1c55ee3a1ec02c0f96ebb1eae2bcf614/sqlalchemy-2.0.51-cp313-cp313-musllinux_1_2_x86_64.whl", hash = "sha256:b3e693d15533a45cd5906f0589f9c35090bef6ef45bf1e8195c424aa0ae06a8d", size = 3269850, upload-time = "2026-06-15T16:26:43.017Z" },
    { url = "https://files.pythonhosted.org/packages/94/df/de669c7054cd47c4439ac34b1b2ee8b804a794791fbb10720e997a2c87c7/sqlalchemy-2.0.51-cp313-cp313-win32.whl", hash = "sha256:b93ab07b5292dbe7e6b8da89475275e7042744283921344b56105f3eeb0f828b", size = 2117721, upload-time = "2026-06-15T16:23:12.36Z" },
    { url = "https://files.pythonhosted.org/packages/d0/8a/403c51d064196bae20a0bc2476577f83a3f8dd299719a97417086b7f2ec5/sqlalchemy-2.0.51-cp313-cp313-win_amd64.whl", hash = "sha256:0f053118c30e53161857a953e4de667d90e274980dccbe5dd3829bbbeece72a5", size = 2143615, upload-time = "2026-06-15T16:23:13.906Z" },
    { url = "https://files.pythonhosted.org/packages/b1/49/a739be2e1d02a96a658eb71ab45d921c874249252358ad24a5bffdd02525/sqlalchemy-2.0.51-cp314-cp314-macosx_11_0_arm64.whl", hash = "sha256:6ea306caaae6bd5afd0a46050003c88f6bf33227377a49298c498c3cb88ff491", size = 2158999, upload-time = "2026-06-15T16:08:51.759Z" },
    { url = "https://files.pythonhosted.org/packages/23/6b/2e0e38cf75c8780eca78d9b2e78164f8bcfd70125e5caa588ff5cbb9c9f4/sqlalchemy-2.0.51-cp314-cp314-manylinux2014_aarch64.manylinux_2_17_aarch64.manylinux_2_28_aarch64.whl", hash = "sha256:c45a496d6bc05dec41dcd4c3a2b183723f47473255c159cd80b503c8f246424d", size = 3282539, upload-time = "2026-06-15T16:19:51.065Z" },
    { url = "https://files.pythonhosted.org/packages/dd/a1/e77854cb5336fd37dc3c6ae3b71de242c98caac5725120be0b526b31cbd0/sqlalchemy-2.0.51-cp314-cp314-manylinux2014_x86_64.manylinux_2_17_x86_64.manylinux_2_28_x86_64.whl", hash = "sha256:4004ada0aafe8ae1991b2cd1d99c6d9146126e123bd6f883c260d974aa012e54", size = 3287545, upload-time = "2026-06-15T16:26:44.735Z" },
    { url = "https://files.pythonhosted.org/packages/f6/ab/9e17272fd4dac8df3b83c4fbe52b998a1c9d89a843c8c35ff29b74ff7364/sqlalchemy-2.0.51-cp314-cp314-musllinux_1_2_aarch64.whl", hash = "sha256:0f6bcad487aee1c638d707235682fc96f741de00663619881ab235400d03289e", size = 3230929, upload-time = "2026-06-15T16:19:52.625Z" },
    { url = "https://files.pythonhosted.org/packages/02/3c/52f408ea701781caee975606beccc48845f2aee8711ac29843d612c0306c/sqlalchemy-2.0.51-cp314-cp314-musllinux_1_2_x86_64.whl", hash = "sha256:39a76529db6305693d8d4affa58ad5b5e2e18edd62daea628b29b97930b3513d", size = 3252888, upload-time = "2026-06-15T16:26:46.454Z" },
    { url = "https://files.pythonhosted.org/packages/24/16/3efd2ee6bc4ca4693a30a1dd17a91b606cae15d517d2a4746611d9b73ce8/sqlalchemy-2.0.51-cp314-cp314-win32.whl", hash = "sha256:08a204d8b5638717c26a24df18fcf40af45a6b22e35b70b1d62f0113c2e278e8", size = 2120551, upload-time = "2026-06-15T16:23:15.629Z" },
    { url = "https://files.pythonhosted.org/packages/7b/78/55b12e70f45bccc40d9e483925c065027b3b98ea4cbbdf6f8c2546feaf6c/sqlalchemy-2.0.51-cp314-cp314-win_amd64.whl", hash = "sha256:96747bfbadb055466e5b46d572618170046b45ce5a4879167f50d70a5319a499", size = 2146318, upload-time = "2026-06-15T16:23:17.108Z" },
    { url = "https://files.pythonhosted.org/packages/21/db/a9574ed40fed418924b1b1a3e54f47ee3963053b3d3d325a0d36b41f2c08/sqlalchemy-2.0.51-cp314-cp314t-macosx_11_0_arm64.whl", hash = "sha256:e5ea1a213be1fcd5e49d9904c3b9939211ded90bc2a64e93f4c01963474285de", size = 2178920, upload-time = "2026-06-15T15:59:56.285Z" },
    { url = "https://files.pythonhosted.org/packages/bf/90/a1bb5c7cbba76b7bc1fbd586d0a5479a7bc9c27b4a8298f22ec9423b2bb3/sqlalchemy-2.0.51-cp314-cp314t-manylinux2014_aarch64.manylinux_2_17_aarch64.manylinux_2_28_aarch64.whl", hash = "sha256:7c6b36ed71f41942bdcd2ad2522be46bfce09d5705be5640ecf19bbc7660e4b7", size = 3566534, upload-time = "2026-06-15T15:58:35.024Z" },
    { url = "https://files.pythonhosted.org/packages/15/4b/481f1fed30e0e9e8dd24aecbb49f29eb57fe7657ece5cf06ee9b84bb97d8/sqlalchemy-2.0.51-cp314-cp314t-manylinux2014_x86_64.manylinux_2_17_x86_64.manylinux_2_28_x86_64.whl", hash = "sha256:0c2c62877097e1a0db401fba5cb4debee33265e5b2a55c4ccb489c02c53b4f72", size = 3535844, upload-time = "2026-06-15T16:02:43.973Z" },
    { url = "https://files.pythonhosted.org/packages/02/71/0aa64aeda645510af0a43f7d9ee70932f0d1dc4263aed34c50ee891d9df3/sqlalchemy-2.0.51-cp314-cp314t-musllinux_1_2_aarch64.whl", hash = "sha256:0378d055e9e8cd6ce4d8dff683bdd3d7d413533c4ee51d67a2b1e0f9eacc0f23", size = 3475355, upload-time = "2026-06-15T15:58:36.592Z" },
    { url = "https://files.pythonhosted.org/packages/05/db/6061db32316446135a3abae5f308d144ab988a34234726042da3e58b1c63/sqlalchemy-2.0.51-cp314-cp314t-musllinux_1_2_x86_64.whl", hash = "sha256:6e46fc36029eff666391e0531e5387b62ce6c4f1d8e50b3fb3099eaca1b42522", size = 3486591, upload-time = "2026-06-15T16:02:45.346Z" },
    { url = "https://files.pythonhosted.org/packages/0d/c9/f14fdf71bb8957e0c7e39db69bbdf12b5c80f4ef775fdfa127bf4e0d6760/sqlalchemy-2.0.51-cp314-cp314t-win32.whl", hash = "sha256:9161cfc9efce70d1715f47d6ff40f79c6778c00d53be4fbc09d70301e4b83ba7", size = 2151313, upload-time = "2026-06-15T16:03:39.127Z" },
    { url = "https://files.pythonhosted.org/packages/6a/c6/673e618e6f4f297e126d9b56ea2f6478708f6c1af4e3223835c22e2c3697/sqlalchemy-2.0.51-cp314-cp314t-win_amd64.whl", hash = "sha256:159bb6ba32059f57ad7375a8f50d844dd2f19d14954ecf820cd33e20debd46b2", size = 2186280, upload-time = "2026-06-15T16:03:40.569Z" },
    { url = "https://files.pythonhosted.org/packages/e2/22/dbf013a12ec759e54a34a119e9e217435b3f71b2dd5c61a7ade0a25dae87/sqlalchemy-2.0.51-py3-none-any.whl", hash = "sha256:bb024d8b621d0be75f4f44ecc7c950450026e76d66dc8f791bb5331d7fed59d5", size = 1944334, upload-time = "2026-06-15T16:09:22.418Z" },
]

[[package]]
name = "typing-extensions"
version = "4.15.0"
source = { registry = "https://pypi.org/simple" }
sdist = { url = "https://files.pythonhosted.org/packages/72/94/1a15dd82efb362ac84269196e94cf00f187f7ed21c242792a923cdb1c61f/typing_extensions-4.15.0.tar.gz", hash = "sha256:0cea48d173cc12fa28ecabc3b837ea3cf6f38c6d1136f85cbaaf598984861466", size = 109391, upload-time = "2025-08-25T13:49:26.313Z" }
wheels = [
    { url = "https://files.pythonhosted.org/packages/18/67/36e9267722cc04a6b9f15c7f3441c2363321a3ea07da7ae0c0707beb2a9c/typing_extensions-4.15.0-py3-none-any.whl", hash = "sha256:f0fa19c6845758ab08074a0cfa8b7aecb71c999ca73d62883bc25cc018c4e548", size = 44614, upload-time = "2025-08-25T13:49:24.86Z" },
]
